
Microsoft Visual Studio Solution File, Format Version 12.00
# Visual Studio Express 2012 for Windows Desktop
Project("{FAE04EC0-301F-11D3-BF4B-00C04F79EFBC}") = "Netduinotest", "Netduinotest\Netduinotest.csproj", "{B9F7B9CD-6F08-4D10-9A3A-65F0A62E221C}"
EndProject
Global
	GlobalSection(SolutionConfigurationPlatforms) = preSolution
		Debug|Any CPU = Debug|Any CPU
		Release|Any CPU = Release|Any CPU
	EndGlobalSection
	GlobalSection(ProjectConfigurationPlatforms) = postSolution
		{B9F7B9CD-6F08-4D10-9A3A-65F0A62E221C}.Debug|Any CPU.ActiveCfg = Debug|Any CPU
		{B9F7B9CD-6F08-4D10-9A3A-65F0A62E221C}.Debug|Any CPU.Build.0 = Debug|Any CPU
		{B9F7B9CD-6F08-4D10-9A3A-65F0A62E221C}.Debug|Any CPU.Deploy.0 = Debug|Any CPU
		{B9F7B9CD-6F08-4D10-9A3A-65F0A62E221C}.Release|Any CPU.ActiveCfg = Debug|Any CPU
		{B9F7B9CD-6F08-4D10-9A3A-65F0A62E221C}.Release|Any CPU.Build.0 = Debug|Any CPU
		{B9F7B9CD-6F08-4D10-9A3A-65F0A62E221C}.Release|Any CPU.Deploy.0 = Debug|Any CPU
	EndGlobalSection
	GlobalSection(SolutionProperties) = preSolution
		HideSolutionNode = FALSE
	EndGlobalSection
EndGlobal
